
Microsoft Visual Studio Solution File, Format Version 12.00
# Visual Studio Version 16
VisualStudioVersion = 16.0.31402.337
MinimumVisualStudioVersion = 10.0.40219.1
Project("{9A19103F-16F7-4668-BE54-9A1E7A4F7556}") = "Myorg.Car.FuelCostEfficiency", "Myorg.Car.FuelCostEfficiency.csproj", "{57717312-ED54-4FE7-9DA8-72B9B9734377}"
EndProject
Project("{FAE04EC0-301F-11D3-BF4B-00C04F79EFBC}") = "Myorg.Car.FuelCostEfficiency.TestProject", "..\Myorg.Car.FuelCostEfficiency.TestProject\Myorg.Car.FuelCostEfficiency.TestProject.csproj", "{23ECEEFB-5F72-4A9B-ADC8-24986B9CD6D5}"
EndProject
Global
	GlobalSection(SolutionConfigurationPlatforms) = preSolution
		Debug|Any CPU = Debug|Any CPU
		Release|Any CPU = Release|Any CPU
	EndGlobalSection
	GlobalSection(ProjectConfigurationPlatforms) = postSolution
		{57717312-ED54-4FE7-9DA8-72B9B9734377}.Debug|Any CPU.ActiveCfg = Debug|Any CPU
		{57717312-ED54-4FE7-9DA8-72B9B9734377}.Debug|Any CPU.Build.0 = Debug|Any CPU
		{57717312-ED54-4FE7-9DA8-72B9B9734377}.Release|Any CPU.ActiveCfg = Release|Any CPU
		{57717312-ED54-4FE7-9DA8-72B9B9734377}.Release|Any CPU.Build.0 = Release|Any CPU
		{23ECEEFB-5F72-4A9B-ADC8-24986B9CD6D5}.Debug|Any CPU.ActiveCfg = Debug|Any CPU
		{23ECEEFB-5F72-4A9B-ADC8-24986B9CD6D5}.Debug|Any CPU.Build.0 = Debug|Any CPU
		{23ECEEFB-5F72-4A9B-ADC8-24986B9CD6D5}.Release|Any CPU.ActiveCfg = Release|Any CPU
		{23ECEEFB-5F72-4A9B-ADC8-24986B9CD6D5}.Release|Any CPU.Build.0 = Release|Any CPU
	EndGlobalSection
	GlobalSection(SolutionProperties) = preSolution
		HideSolutionNode = FALSE
	EndGlobalSection
	GlobalSection(ExtensibilityGlobals) = postSolution
		SolutionGuid = {4D4343AF-1A0D-4B7F-B9A0-B6B476C6B235}
	EndGlobalSection
EndGlobal
